PODS:
  - ESTabBarController (0.1.3)
  - SVProgressHUD (2.1.2)

DEPENDENCIES:
  - ESTabBarController
  - SVProgressHUD

SPEC CHECKSUMS:
  ESTabBarController: f08fa16b154cfb9d8d42096f7d6d10b58775dbf5
  SVProgressHUD: c404a55d78acbeb7ebb78b76d3faf986475a6994

PODFILE CHECKSUM: b36072395b412a08237cf7d2071da0d340d01e28

COCOAPODS: 1.2.0
