// !$*UTF8*$!
{
	archiveVersion = 1;
	classes = {
	};
	objectVersion = 46;
	objects = {

/* Begin PBXBuildFile section */
		2A08C4A31ECBD87D0008954F /* albumRankTableViewCell.swift in Sources */ = {isa = PBXBuildFile; fileRef = 2A08C4A11ECBD87D0008954F /* albumRankTableViewCell.swift */; };
		2A08C4A41ECBD87D0008954F /* albumRankTableViewCell.xib in Resources */ = {isa = PBXBuildFile; fileRef = 2A08C4A21ECBD87D0008954F /* albumRankTableViewCell.xib */; };
		2A113D071ECB0EA200CA3F6D /* albumRankViewController.swift in Sources */ = {isa = PBXBuildFile; fileRef = 2A113D061ECB0EA200CA3F6D /* albumRankViewController.swift */; };
		2A7A720F1EC5A084008DCDFC /* RankingViewController.swift in Sources */ = {isa = PBXBuildFile; fileRef = 2A7A720E1EC5A084008DCDFC /* RankingViewController.swift */; };
		2A8996221EC990880008E8EA /* Assets.xcassets in Resources */ = {isa = PBXBuildFile; fileRef = 2A8996211EC990880008E8EA /* Assets.xcassets */; };
		2AB9B2F81EC3005B00FC5AEE /* PlayViewController.swift in Sources */ = {isa = PBXBuildFile; fileRef = 2AB9B2F71EC3005B00FC5AEE /* PlayViewController.swift */; };
		2ABC68A91EC46EAE00288C3F /* musicHomeViewController.swift in Sources */ = {isa = PBXBuildFile; fileRef = 2ABC68A81EC46EAE00288C3F /* musicHomeViewController.swift */; };
		2AC41D671EC6B9CD00D42DC9 /* ViewController.swift in Sources */ = {isa = PBXBuildFile; fileRef = 2AC41D661EC6B9CD00D42DC9 /* ViewController.swift */; };
		2AC41D6A1EC70C7A00D42DC9 /* rankTableViewCell.swift in Sources */ = {isa = PBXBuildFile; fileRef = 2AC41D681EC70C7A00D42DC9 /* rankTableViewCell.swift */; };
		2AC41D6B1EC70C7A00D42DC9 /* rankTableViewCell.xib in Resources */ = {isa = PBXBuildFile; fileRef = 2AC41D691EC70C7A00D42DC9 /* rankTableViewCell.xib */; };
		2AF193DB1EC1990500A302EA /* AppDelegate.swift in Sources */ = {isa = PBXBuildFile; fileRef = 2AF193DA1EC1990500A302EA /* AppDelegate.swift */; };
		2AF193E01EC1990500A302EA /* Main.storyboard in Resources */ = {isa = PBXBuildFile; fileRef = 2AF193DE1EC1990500A302EA /* Main.storyboard */; };
		2AF193E51EC1990500A302EA /* LaunchScreen.storyboard in Resources */ = {isa = PBXBuildFile; fileRef = 2AF193E31EC1990500A302EA /* LaunchScreen.storyboard */; };
		2AF193F01EC1990500A302EA /* getMusicTests.swift in Sources */ = {isa = PBXBuildFile; fileRef = 2AF193EF1EC1990500A302EA /* getMusicTests.swift */; };
		2AF193FB1EC1990500A302EA /* getMusicUITests.swift in Sources */ = {isa = PBXBuildFile; fileRef = 2AF193FA1EC1990500A302EA /* getMusicUITests.swift */; };
		2AF1940A1EC1992200A302EA /* AVFoundation.framework in Frameworks */ = {isa = PBXBuildFile; fileRef = 2AF194091EC1992200A302EA /* AVFoundation.framework */; };
		2AF1940C1EC1993800A302EA /* MediaPlayer.framework in Frameworks */ = {isa = PBXBuildFile; fileRef = 2AF1940B1EC1993800A302EA /* MediaPlayer.framework */; };
		2AF1940F1EC1E4D100A302EA /* MusicTableViewCell.swift in Sources */ = {isa = PBXBuildFile; fileRef = 2AF1940D1EC1E4D100A302EA /* MusicTableViewCell.swift */; };
		2AF194101EC1E4D100A302EA /* MusicTableViewCell.xib in Resources */ = {isa = PBXBuildFile; fileRef = 2AF1940E1EC1E4D100A302EA /* MusicTableViewCell.xib */; };
		7EC2092902DBBED8BF396BA2 /* Pods_getMusic.framework in Frameworks */ = {isa = PBXBuildFile; fileRef = D3E963967888435D317E9959 /* Pods_getMusic.framework */; };
/* End PBXBuildFile section */

/* Begin PBXContainerItemProxy section */
		2AF193EC1EC1990500A302EA /* PBXContainerItemProxy */ = {
			isa = PBXContainerItemProxy;
			containerPortal = 2AF193CF1EC1990500A302EA /* Project object */;
			proxyType = 1;
			remoteGlobalIDString = 2AF193D61EC1990500A302EA;
			remoteInfo = getMusic;
		};
		2AF193F71EC1990500A302EA /* PBXContainerItemProxy */ = {
			isa = PBXContainerItemProxy;
			containerPortal = 2AF193CF1EC1990500A302EA /* Project object */;
			proxyType = 1;
			remoteGlobalIDString = 2AF193D61EC1990500A302EA;
			remoteInfo = getMusic;
		};
/* End PBXContainerItemProxy section */

/* Begin PBXFileReference section */
		2A08C4A11ECBD87D0008954F /* albumRankTableViewCell.swift */ = {isa = PBXFileReference; fileEncoding = 4; lastKnownFileType = sourcecode.swift; path = albumRankTableViewCell.swift; sourceTree = "<group>"; };
		2A08C4A21ECBD87D0008954F /* albumRankTableViewCell.xib */ = {isa = PBXFileReference; fileEncoding = 4; lastKnownFileType = file.xib; path = albumRankTableViewCell.xib; sourceTree = "<group>"; };
		2A113D061ECB0EA200CA3F6D /* albumRankViewController.swift */ = {isa = PBXFileReference; fileEncoding = 4; lastKnownFileType = sourcecode.swift; path = albumRankViewController.swift; sourceTree = "<group>"; };
		2A7A720E1EC5A084008DCDFC /* RankingViewController.swift */ = {isa = PBXFileReference; fileEncoding = 4; lastKnownFileType = sourcecode.swift; path = RankingViewController.swift; sourceTree = "<group>"; };
		2A8996211EC990880008E8EA /* Assets.xcassets */ = {isa = PBXFileReference; lastKnownFileType = folder.assetcatalog; path = Assets.xcassets; sourceTree = "<group>"; };
		2AB9B2F71EC3005B00FC5AEE /* PlayViewController.swift */ = {isa = PBXFileReference; fileEncoding = 4; lastKnownFileType = sourcecode.swift; path = PlayViewController.swift; sourceTree = "<group>"; };
		2ABC68A81EC46EAE00288C3F /* musicHomeViewController.swift */ = {isa = PBXFileReference; fileEncoding = 4; lastKnownFileType = sourcecode.swift; path = musicHomeViewController.swift; sourceTree = "<group>"; };
		2AC41D661EC6B9CD00D42DC9 /* ViewController.swift */ = {isa = PBXFileReference; fileEncoding = 4; lastKnownFileType = sourcecode.swift; path = ViewController.swift; sourceTree = "<group>"; };
		2AC41D681EC70C7A00D42DC9 /* rankTableViewCell.swift */ = {isa = PBXFileReference; fileEncoding = 4; lastKnownFileType = sourcecode.swift; path = rankTableViewCell.swift; sourceTree = "<group>"; };
		2AC41D691EC70C7A00D42DC9 /* rankTableViewCell.xib */ = {isa = PBXFileReference; fileEncoding = 4; lastKnownFileType = file.xib; path = rankTableViewCell.xib; sourceTree = "<group>"; };
		2AF193D71EC1990500A302EA /* getMusic.app */ = {isa = PBXFileReference; explicitFileType = wrapper.application; includeInIndex = 0; path = getMusic.app; sourceTree = BUILT_PRODUCTS_DIR; };
		2AF193DA1EC1990500A302EA /* AppDelegate.swift */ = {isa = PBXFileReference; lastKnownFileType = sourcecode.swift; path = AppDelegate.swift; sourceTree = "<group>"; };
		2AF193DF1EC1990500A302EA /* Base */ = {isa = PBXFileReference; lastKnownFileType = file.storyboard; name = Base; path = Base.lproj/Main.storyboard; sourceTree = "<group>"; };
		2AF193E41EC1990500A302EA /* Base */ = {isa = PBXFileReference; lastKnownFileType = file.storyboard; name = Base; path = Base.lproj/LaunchScreen.storyboard; sourceTree = "<group>"; };
		2AF193E61EC1990500A302EA /* Info.plist */ = {isa = PBXFileReference; lastKnownFileType = text.plist.xml; path = Info.plist; sourceTree = "<group>"; };
		2AF193EB1EC1990500A302EA /* getMusicTests.xctest */ = {isa = PBXFileReference; explicitFileType = wrapper.cfbundle; includeInIndex = 0; path = getMusicTests.xctest; sourceTree = BUILT_PRODUCTS_DIR; };
		2AF193EF1EC1990500A302EA /* getMusicTests.swift */ = {isa = PBXFileReference; lastKnownFileType = sourcecode.swift; path = getMusicTests.swift; sourceTree = "<group>"; };
		2AF193F11EC1990500A302EA /* Info.plist */ = {isa = PBXFileReference; lastKnownFileType = text.plist.xml; path = Info.plist; sourceTree = "<group>"; };
		2AF193F61EC1990500A302EA /* getMusicUITests.xctest */ = {isa = PBXFileReference; explicitFileType = wrapper.cfbundle; includeInIndex = 0; path = getMusicUITests.xctest; sourceTree = BUILT_PRODUCTS_DIR; };
		2AF193FA1EC1990500A302EA /* getMusicUITests.swift */ = {isa = PBXFileReference; lastKnownFileType = sourcecode.swift; path = getMusicUITests.swift; sourceTree = "<group>"; };
		2AF193FC1EC1990500A302EA /* Info.plist */ = {isa = PBXFileReference; lastKnownFileType = text.plist.xml; path = Info.plist; sourceTree = "<group>"; };
		2AF194091EC1992200A302EA /* AVFoundation.framework */ = {isa = PBXFileReference; lastKnownFileType = wrapper.framework; name = AVFoundation.framework; path = System/Library/Frameworks/AVFoundation.framework; sourceTree = SDKROOT; };
		2AF1940B1EC1993800A302EA /* MediaPlayer.framework */ = {isa = PBXFileReference; lastKnownFileType = wrapper.framework; name = MediaPlayer.framework; path = System/Library/Frameworks/MediaPlayer.framework; sourceTree = SDKROOT; };
		2AF1940D1EC1E4D100A302EA /* MusicTableViewCell.swift */ = {isa = PBXFileReference; fileEncoding = 4; lastKnownFileType = sourcecode.swift; path = MusicTableViewCell.swift; sourceTree = "<group>"; };
		2AF1940E1EC1E4D100A302EA /* MusicTableViewCell.xib */ = {isa = PBXFileReference; fileEncoding = 4; lastKnownFileType = file.xib; name = MusicTableViewCell.xib; path = getMusic/MusicTableViewCell.xib; sourceTree = "<group>"; };
		B56C67DF54DC0F2E722303D9 /* Pods-getMusic.release.xcconfig */ = {isa = PBXFileReference; includeInIndex = 1; lastKnownFileType = text.xcconfig; name = "Pods-getMusic.release.xcconfig"; path = "Pods/Target Support Files/Pods-getMusic/Pods-getMusic.release.xcconfig"; sourceTree = "<group>"; };
		CC86547641CC797DBCF49A97 /* Pods-getMusic.debug.xcconfig */ = {isa = PBXFileReference; includeInIndex = 1; lastKnownFileType = text.xcconfig; name = "Pods-getMusic.debug.xcconfig"; path = "Pods/Target Support Files/Pods-getMusic/Pods-getMusic.debug.xcconfig"; sourceTree = "<group>"; };
		D3E963967888435D317E9959 /* Pods_getMusic.framework */ = {isa = PBXFileReference; explicitFileType = wrapper.framework; includeInIndex = 0; path = Pods_getMusic.framework; sourceTree = BUILT_PRODUCTS_DIR; };
/* End PBXFileReference section */

/* Begin PBXFrameworksBuildPhase section */
		2AF193D41EC1990500A302EA /* Frameworks */ = {
			isa = PBXFrameworksBuildPhase;
			buildActionMask = 2147483647;
			files = (
				2AF1940C1EC1993800A302EA /* MediaPlayer.framework in Frameworks */,
				2AF1940A1EC1992200A302EA /* AVFoundation.framework in Frameworks */,
				7EC2092902DBBED8BF396BA2 /* Pods_getMusic.framework in Frameworks */,
			);
			runOnlyForDeploymentPostprocessing = 0;
		};
		2AF193E81EC1990500A302EA /* Frameworks */ = {
			isa = PBXFrameworksBuildPhase;
			buildActionMask = 2147483647;
			files = (
			);
			runOnlyForDeploymentPostprocessing = 0;
		};
		2AF193F31EC1990500A302EA /* Frameworks */ = {
			isa = PBXFrameworksBuildPhase;
			buildActionMask = 2147483647;
			files = (
			);
			runOnlyForDeploymentPostprocessing = 0;
		};
/* End PBXFrameworksBuildPhase section */

/* Begin PBXGroup section */
		2AF193CE1EC1990500A302EA = {
			isa = PBXGroup;
			children = (
				2AF193D91EC1990500A302EA /* getMusic */,
				2AF193EE1EC1990500A302EA /* getMusicTests */,
				2AF193F91EC1990500A302EA /* getMusicUITests */,
				2AF193D81EC1990500A302EA /* Products */,
				2AF1940E1EC1E4D100A302EA /* MusicTableViewCell.xib */,
				2AF194081EC1992200A302EA /* Frameworks */,
				78EFF0E060F1EC56D6CED6A5 /* Pods */,
			);
			sourceTree = "<group>";
		};
		2AF193D81EC1990500A302EA /* Products */ = {
			isa = PBXGroup;
			children = (
				2AF193D71EC1990500A302EA /* getMusic.app */,
				2AF193EB1EC1990500A302EA /* getMusicTests.xctest */,
				2AF193F61EC1990500A302EA /* getMusicUITests.xctest */,
			);
			name = Products;
			sourceTree = "<group>";
		};
		2AF193D91EC1990500A302EA /* getMusic */ = {
			isa = PBXGroup;
			children = (
				2AF193DA1EC1990500A302EA /* AppDelegate.swift */,
				2AF193DE1EC1990500A302EA /* Main.storyboard */,
				2A08C4A11ECBD87D0008954F /* albumRankTableViewCell.swift */,
				2A08C4A21ECBD87D0008954F /* albumRankTableViewCell.xib */,
				2A113D061ECB0EA200CA3F6D /* albumRankViewController.swift */,
				2AC41D681EC70C7A00D42DC9 /* rankTableViewCell.swift */,
				2AC41D691EC70C7A00D42DC9 /* rankTableViewCell.xib */,
				2AC41D661EC6B9CD00D42DC9 /* ViewController.swift */,
				2A7A720E1EC5A084008DCDFC /* RankingViewController.swift */,
				2ABC68A81EC46EAE00288C3F /* musicHomeViewController.swift */,
				2AB9B2F71EC3005B00FC5AEE /* PlayViewController.swift */,
				2A8996211EC990880008E8EA /* Assets.xcassets */,
				2AF1940D1EC1E4D100A302EA /* MusicTableViewCell.swift */,
				2AF193E31EC1990500A302EA /* LaunchScreen.storyboard */,
				2AF193E61EC1990500A302EA /* Info.plist */,
			);
			path = getMusic;
			sourceTree = "<group>";
		};
		2AF193EE1EC1990500A302EA /* getMusicTests */ = {
			isa = PBXGroup;
			children = (
				2AF193EF1EC1990500A302EA /* getMusicTests.swift */,
				2AF193F11EC1990500A302EA /* Info.plist */,
			);
			path = getMusicTests;
			sourceTree = "<group>";
		};
		2AF193F91EC1990500A302EA /* getMusicUITests */ = {
			isa = PBXGroup;
			children = (
				2AF193FA1EC1990500A302EA /* getMusicUITests.swift */,
				2AF193FC1EC1990500A302EA /* Info.plist */,
			);
			path = getMusicUITests;
			sourceTree = "<group>";
		};
		2AF194081EC1992200A302EA /* Frameworks */ = {
			isa = PBXGroup;
			children = (
				2AF1940B1EC1993800A302EA /* MediaPlayer.framework */,
				2AF194091EC1992200A302EA /* AVFoundation.framework */,
				D3E963967888435D317E9959 /* Pods_getMusic.framework */,
			);
			name = Frameworks;
			sourceTree = "<group>";
		};
		78EFF0E060F1EC56D6CED6A5 /* Pods */ = {
			isa = PBXGroup;
			children = (
				CC86547641CC797DBCF49A97 /* Pods-getMusic.debug.xcconfig */,
				B56C67DF54DC0F2E722303D9 /* Pods-getMusic.release.xcconfig */,
			);
			name = Pods;
			sourceTree = "<group>";
		};
/* End PBXGroup section */

/* Begin PBXNativeTarget section */
		2AF193D61EC1990500A302EA /* getMusic */ = {
			isa = PBXNativeTarget;
			buildConfigurationList = 2AF193FF1EC1990500A302EA /* Build configuration list for PBXNativeTarget "getMusic" */;
			buildPhases = (
				4C4E7CA8DC3E950918727DD3 /* [CP] Check Pods Manifest.lock */,
				2AF193D31EC1990500A302EA /* Sources */,
				2AF193D41EC1990500A302EA /* Frameworks */,
				2AF193D51EC1990500A302EA /* Resources */,
				DC59710C9B466E917F2827D0 /* [CP] Embed Pods Frameworks */,
				3D5ACFCC813DC722C24CBB75 /* [CP] Copy Pods Resources */,
			);
			buildRules = (
			);
			dependencies = (
			);
			name = getMusic;
			productName = getMusic;
			productReference = 2AF193D71EC1990500A302EA /* getMusic.app */;
			productType = "com.apple.product-type.application";
		};
		2AF193EA1EC1990500A302EA /* getMusicTests */ = {
			isa = PBXNativeTarget;
			buildConfigurationList = 2AF194021EC1990500A302EA /* Build configuration list for PBXNativeTarget "getMusicTests" */;
			buildPhases = (
				2AF193E71EC1990500A302EA /* Sources */,
				2AF193E81EC1990500A302EA /* Frameworks */,
				2AF193E91EC1990500A302EA /* Resources */,
			);
			buildRules = (
			);
			dependencies = (
				2AF193ED1EC1990500A302EA /* PBXTargetDependency */,
			);
			name = getMusicTests;
			productName = getMusicTests;
			productReference = 2AF193EB1EC1990500A302EA /* getMusicTests.xctest */;
			productType = "com.apple.product-type.bundle.unit-test";
		};
		2AF193F51EC1990500A302EA /* getMusicUITests */ = {
			isa = PBXNativeTarget;
			buildConfigurationList = 2AF194051EC1990500A302EA /* Build configuration list for PBXNativeTarget "getMusicUITests" */;
			buildPhases = (
				2AF193F21EC1990500A302EA /* Sources */,
				2AF193F31EC1990500A302EA /* Frameworks */,
				2AF193F41EC1990500A302EA /* Resources */,
			);
			buildRules = (
			);
			dependencies = (
				2AF193F81EC1990500A302EA /* PBXTargetDependency */,
			);
			name = getMusicUITests;
			productName = getMusicUITests;
			productReference = 2AF193F61EC1990500A302EA /* getMusicUITests.xctest */;
			productType = "com.apple.product-type.bundle.ui-testing";
		};
/* End PBXNativeTarget section */

/* Begin PBXProject section */
		2AF193CF1EC1990500A302EA /* Project object */ = {
			isa = PBXProject;
			attributes = {
				LastSwiftUpdateCheck = 0830;
				LastUpgradeCheck = 0830;
				ORGANIZATIONNAME = ryo.tamura;
				TargetAttributes = {
					2AF193D61EC1990500A302EA = {
						CreatedOnToolsVersion = 8.3.2;
						DevelopmentTeam = GR6B8V7TH6;
						ProvisioningStyle = Automatic;
					};
					2AF193EA1EC1990500A302EA = {
						CreatedOnToolsVersion = 8.3.2;
						DevelopmentTeam = GR6B8V7TH6;
						ProvisioningStyle = Automatic;
						TestTargetID = 2AF193D61EC1990500A302EA;
					};
					2AF193F51EC1990500A302EA = {
						CreatedOnToolsVersion = 8.3.2;
						DevelopmentTeam = GR6B8V7TH6;
						ProvisioningStyle = Automatic;
						TestTargetID = 2AF193D61EC1990500A302EA;
					};
				};
			};
			buildConfigurationList = 2AF193D21EC1990500A302EA /* Build configuration list for PBXProject "getMusic" */;
			compatibilityVersion = "Xcode 3.2";
			developmentRegion = English;
			hasScannedForEncodings = 0;
			knownRegions = (
				en,
				Base,
			);
			mainGroup = 2AF193CE1EC1990500A302EA;
			productRefGroup = 2AF193D81EC1990500A302EA /* Products */;
			projectDirPath = "";
			projectRoot = "";
			targets = (
				2AF193D61EC1990500A302EA /* getMusic */,
				2AF193EA1EC1990500A302EA /* getMusicTests */,
				2AF193F51EC1990500A302EA /* getMusicUITests */,
			);
		};
/* End PBXProject section */

/* Begin PBXResourcesBuildPhase section */
		2AF193D51EC1990500A302EA /* Resources */ = {
			isa = PBXResourcesBuildPhase;
			buildActionMask = 2147483647;
			files = (
				2AF193E51EC1990500A302EA /* LaunchScreen.storyboard in Resources */,
				2AC41D6B1EC70C7A00D42DC9 /* rankTableViewCell.xib in Resources */,
				2AF193E01EC1990500A302EA /* Main.storyboard in Resources */,
				2AF194101EC1E4D100A302EA /* MusicTableViewCell.xib in Resources */,
				2A8996221EC990880008E8EA /* Assets.xcassets in Resources */,
				2A08C4A41ECBD87D0008954F /* albumRankTableViewCell.xib in Resources */,
			);
			runOnlyForDeploymentPostprocessing = 0;
		};
		2AF193E91EC1990500A302EA /* Resources */ = {
			isa = PBXResourcesBuildPhase;
			buildActionMask = 2147483647;
			files = (
			);
			runOnlyForDeploymentPostprocessing = 0;
		};
		2AF193F41EC1990500A302EA /* Resources */ = {
			isa = PBXResourcesBuildPhase;
			buildActionMask = 2147483647;
			files = (
			);
			runOnlyForDeploymentPostprocessing = 0;
		};
/* End PBXResourcesBuildPhase section */

/* Begin PBXShellScriptBuildPhase section */
		3D5ACFCC813DC722C24CBB75 /* [CP] Copy Pods Resources */ = {
			isa = PBXShellScriptBuildPhase;
			buildActionMask = 2147483647;
			files = (
			);
			inputPaths = (
			);
			name = "[CP] Copy Pods Resources";
			outputPaths = (
			);
			runOnlyForDeploymentPostprocessing = 0;
			shellPath = /bin/sh;
			shellScript = "\"${SRCROOT}/Pods/Target Support Files/Pods-getMusic/Pods-getMusic-resources.sh\"\n";
			showEnvVarsInLog = 0;
		};
		4C4E7CA8DC3E950918727DD3 /* [CP] Check Pods Manifest.lock */ = {
			isa = PBXShellScriptBuildPhase;
			buildActionMask = 2147483647;
			files = (
			);
			inputPaths = (
			);
			name = "[CP] Check Pods Manifest.lock";
			outputPaths = (
			);
			runOnlyForDeploymentPostprocessing = 0;
			shellPath = /bin/sh;
			shellScript = "diff \"${PODS_ROOT}/../Podfile.lock\" \"${PODS_ROOT}/Manifest.lock\" > /dev/null\nif [ $? != 0 ] ; then\n    # print error to STDERR\n    echo \"error: The sandbox is not in sync with the Podfile.lock. Run 'pod install' or update your CocoaPods installation.\" >&2\n    exit 1\nfi\n";
			showEnvVarsInLog = 0;
		};
		DC59710C9B466E917F2827D0 /* [CP] Embed Pods Frameworks */ = {
			isa = PBXShellScriptBuildPhase;
			buildActionMask = 2147483647;
			files = (
			);
			inputPaths = (
			);
			name = "[CP] Embed Pods Frameworks";
			outputPaths = (
			);
			runOnlyForDeploymentPostprocessing = 0;
			shellPath = /bin/sh;
			shellScript = "\"${SRCROOT}/Pods/Target Support Files/Pods-getMusic/Pods-getMusic-frameworks.sh\"\n";
			showEnvVarsInLog = 0;
		};
/* End PBXShellScriptBuildPhase section */

/* Begin PBXSourcesBuildPhase section */
		2AF193D31EC1990500A302EA /* Sources */ = {
			isa = PBXSourcesBuildPhase;
			buildActionMask = 2147483647;
			files = (
				2AC41D671EC6B9CD00D42DC9 /* ViewController.swift in Sources */,
				2AC41D6A1EC70C7A00D42DC9 /* rankTableViewCell.swift in Sources */,
				2A7A720F1EC5A084008DCDFC /* RankingViewController.swift in Sources */,
				2AB9B2F81EC3005B00FC5AEE /* PlayViewController.swift in Sources */,
				2A08C4A31ECBD87D0008954F /* albumRankTableViewCell.swift in Sources */,
				2A113D071ECB0EA200CA3F6D /* albumRankViewController.swift in Sources */,
				2ABC68A91EC46EAE00288C3F /* musicHomeViewController.swift in Sources */,
				2AF193DB1EC1990500A302EA /* AppDelegate.swift in Sources */,
				2AF1940F1EC1E4D100A302EA /* MusicTableViewCell.swift in Sources */,
			);
			runOnlyForDeploymentPostprocessing = 0;
		};
		2AF193E71EC1990500A302EA /* Sources */ = {
			isa = PBXSourcesBuildPhase;
			buildActionMask = 2147483647;
			files = (
				2AF193F01EC1990500A302EA /* getMusicTests.swift in Sources */,
			);
			runOnlyForDeploymentPostprocessing = 0;
		};
		2AF193F21EC1990500A302EA /* Sources */ = {
			isa = PBXSourcesBuildPhase;
			buildActionMask = 2147483647;
			files = (
				2AF193FB1EC1990500A302EA /* getMusicUITests.swift in Sources */,
			);
			runOnlyForDeploymentPostprocessing = 0;
		};
/* End PBXSourcesBuildPhase section */

/* Begin PBXTargetDependency section */
		2AF193ED1EC1990500A302EA /* PBXTargetDependency */ = {
			isa = PBXTargetDependency;
			target = 2AF193D61EC1990500A302EA /* getMusic */;
			targetProxy = 2AF193EC1EC1990500A302EA /* PBXContainerItemProxy */;
		};
		2AF193F81EC1990500A302EA /* PBXTargetDependency */ = {
			isa = PBXTargetDependency;
			target = 2AF193D61EC1990500A302EA /* getMusic */;
			targetProxy = 2AF193F71EC1990500A302EA /* PBXContainerItemProxy */;
		};
/* End PBXTargetDependency section */

/* Begin PBXVariantGroup section */
		2AF193DE1EC1990500A302EA /* Main.storyboard */ = {
			isa = PBXVariantGroup;
			children = (
				2AF193DF1EC1990500A302EA /* Base */,
			);
			name = Main.storyboard;
			sourceTree = "<group>";
		};
		2AF193E31EC1990500A302EA /* LaunchScreen.storyboard */ = {
			isa = PBXVariantGroup;
			children = (
				2AF193E41EC1990500A302EA /* Base */,
			);
			name = LaunchScreen.storyboard;
			sourceTree = "<group>";
		};
/* End PBXVariantGroup section */

/* Begin XCBuildConfiguration section */
		2AF193FD1EC1990500A302EA /* Debug */ = {
			isa = XCBuildConfiguration;
			buildSettings = {
				ALWAYS_SEARCH_USER_PATHS = NO;
				CLANG_ANALYZER_NONNULL = YES;
				CLANG_ANALYZER_NUMBER_OBJECT_CONVERSION = YES_AGGRESSIVE;
				CLANG_CXX_LANGUAGE_STANDARD = "gnu++0x";
				CLANG_CXX_LIBRARY = "libc++";
				CLANG_ENABLE_MODULES = YES;
				CLANG_ENABLE_OBJC_ARC = YES;
				CLANG_WARN_BOOL_CONVERSION = YES;
				CLANG_WARN_CONSTANT_CONVERSION = YES;
				CLANG_WARN_DIRECT_OBJC_ISA_USAGE = YES_ERROR;
				CLANG_WARN_DOCUMENTATION_COMMENTS = YES;
				CLANG_WARN_EMPTY_BODY = YES;
				CLANG_WARN_ENUM_CONVERSION = YES;
				CLANG_WARN_INFINITE_RECURSION = YES;
				CLANG_WARN_INT_CONVERSION = YES;
				CLANG_WARN_OBJC_ROOT_CLASS = YES_ERROR;
				CLANG_WARN_SUSPICIOUS_MOVE = YES;
				CLANG_WARN_UNREACHABLE_CODE = YES;
				CLANG_WARN__DUPLICATE_METHOD_MATCH = YES;
				"CODE_SIGN_IDENTITY[sdk=iphoneos*]" = "iPhone Developer";
				COPY_PHASE_STRIP = NO;
				DEBUG_INFORMATION_FORMAT = dwarf;
				ENABLE_STRICT_OBJC_MSGSEND = YES;
				ENABLE_TESTABILITY = YES;
				GCC_C_LANGUAGE_STANDARD = gnu99;
				GCC_DYNAMIC_NO_PIC = NO;
				GCC_NO_COMMON_BLOCKS = YES;
				GCC_OPTIMIZATION_LEVEL = 0;
				GCC_PREPROCESSOR_DEFINITIONS = (
					"DEBUG=1",
					"$(inherited)",
				);
				GCC_WARN_64_TO_32_BIT_CONVERSION = YES;
				GCC_WARN_ABOUT_RETURN_TYPE = YES_ERROR;
				GCC_WARN_UNDECLARED_SELECTOR = YES;
				GCC_WARN_UNINITIALIZED_AUTOS = YES_AGGRESSIVE;
				GCC_WARN_UNUSED_FUNCTION = YES;
				GCC_WARN_UNUSED_VARIABLE = YES;
				IPHONEOS_DEPLOYMENT_TARGET = 10.3;
				MTL_ENABLE_DEBUG_INFO = YES;
				ONLY_ACTIVE_ARCH = YES;
				SDKROOT = iphoneos;
				SWIFT_ACTIVE_COMPILATION_CONDITIONS = DEBUG;
				SWIFT_OPTIMIZATION_LEVEL = "-Onone";
			};
			name = Debug;
		};
		2AF193FE1EC1990500A302EA /* Release */ = {
			isa = XCBuildConfiguration;
			buildSettings = {
				ALWAYS_SEARCH_USER_PATHS = NO;
				CLANG_ANALYZER_NONNULL = YES;
				CLANG_ANALYZER_NUMBER_OBJECT_CONVERSION = YES_AGGRESSIVE;
				CLANG_CXX_LANGUAGE_STANDARD = "gnu++0x";
				CLANG_CXX_LIBRARY = "libc++";
				CLANG_ENABLE_MODULES = YES;
				CLANG_ENABLE_OBJC_ARC = YES;
				CLANG_WARN_BOOL_CONVERSION = YES;
				CLANG_WARN_CONSTANT_CONVERSION = YES;
				CLANG_WARN_DIRECT_OBJC_ISA_USAGE = YES_ERROR;
				CLANG_WARN_DOCUMENTATION_COMMENTS = YES;
				CLANG_WARN_EMPTY_BODY = YES;
				CLANG_WARN_ENUM_CONVERSION = YES;
				CLANG_WARN_INFINITE_RECURSION = YES;
				CLANG_WARN_INT_CONVERSION = YES;
				CLANG_WARN_OBJC_ROOT_CLASS = YES_ERROR;
				CLANG_WARN_SUSPICIOUS_MOVE = YES;
				CLANG_WARN_UNREACHABLE_CODE = YES;
				CLANG_WARN__DUPLICATE_METHOD_MATCH = YES;
				"CODE_SIGN_IDENTITY[sdk=iphoneos*]" = "iPhone Developer";
				COPY_PHASE_STRIP = NO;
				DEBUG_INFORMATION_FORMAT = "dwarf-with-dsym";
				ENABLE_NS_ASSERTIONS = NO;
				ENABLE_STRICT_OBJC_MSGSEND = YES;
				GCC_C_LANGUAGE_STANDARD = gnu99;
				GCC_NO_COMMON_BLOCKS = YES;
				GCC_WARN_64_TO_32_BIT_CONVERSION = YES;
				GCC_WARN_ABOUT_RETURN_TYPE = YES_ERROR;
				GCC_WARN_UNDECLARED_SELECTOR = YES;
				GCC_WARN_UNINITIALIZED_AUTOS = YES_AGGRESSIVE;
				GCC_WARN_UNUSED_FUNCTION = YES;
				GCC_WARN_UNUSED_VARIABLE = YES;
				IPHONEOS_DEPLOYMENT_TARGET = 10.3;
				MTL_ENABLE_DEBUG_INFO = NO;
				SDKROOT = iphoneos;
				SWIFT_OPTIMIZATION_LEVEL = "-Owholemodule";
				VALIDATE_PRODUCT = YES;
			};
			name = Release;
		};
		2AF194001EC1990500A302EA /* Debug */ = {
			isa = XCBuildConfiguration;
			baseConfigurationReference = CC86547641CC797DBCF49A97 /* Pods-getMusic.debug.xcconfig */;
			buildSettings = {
				ASSETCATALOG_COMPILER_APPICON_NAME = AppIcon;
				DEVELOPMENT_TEAM = GR6B8V7TH6;
				INFOPLIST_FILE = getMusic/Info.plist;
				LD_RUNPATH_SEARCH_PATHS = "$(inherited) @executable_path/Frameworks";
				PRODUCT_BUNDLE_IDENTIFIER = jp.techacademu.ryou.tamura.getMusic;
				PRODUCT_NAME = "$(TARGET_NAME)";
				SWIFT_VERSION = 3.0;
			};
			name = Debug;
		};
		2AF194011EC1990500A302EA /* Release */ = {
			isa = XCBuildConfiguration;
			baseConfigurationReference = B56C67DF54DC0F2E722303D9 /* Pods-getMusic.release.xcconfig */;
			buildSettings = {
				ASSETCATALOG_COMPILER_APPICON_NAME = AppIcon;
				DEVELOPMENT_TEAM = GR6B8V7TH6;
				INFOPLIST_FILE = getMusic/Info.plist;
				LD_RUNPATH_SEARCH_PATHS = "$(inherited) @executable_path/Frameworks";
				PRODUCT_BUNDLE_IDENTIFIER = jp.techacademu.ryou.tamura.getMusic;
				PRODUCT_NAME = "$(TARGET_NAME)";
				SWIFT_VERSION = 3.0;
			};
			name = Release;
		};
		2AF194031EC1990500A302EA /* Debug */ = {
			isa = XCBuildConfiguration;
			buildSettings = {
				ALWAYS_EMBED_SWIFT_STANDARD_LIBRARIES = YES;
				BUNDLE_LOADER = "$(TEST_HOST)";
				DEVELOPMENT_TEAM = GR6B8V7TH6;
				INFOPLIST_FILE = getMusicTests/Info.plist;
				LD_RUNPATH_SEARCH_PATHS = "$(inherited) @executable_path/Frameworks @loader_path/Frameworks";
				PRODUCT_BUNDLE_IDENTIFIER = jp.techacademu.ryou.tamura.getMusicTests;
				PRODUCT_NAME = "$(TARGET_NAME)";
				SWIFT_VERSION = 3.0;
				TEST_HOST = "$(BUILT_PRODUCTS_DIR)/getMusic.app/getMusic";
			};
			name = Debug;
		};
		2AF194041EC1990500A302EA /* Release */ = {
			isa = XCBuildConfiguration;
			buildSettings = {
				ALWAYS_EMBED_SWIFT_STANDARD_LIBRARIES = YES;
				BUNDLE_LOADER = "$(TEST_HOST)";
				DEVELOPMENT_TEAM = GR6B8V7TH6;
				INFOPLIST_FILE = getMusicTests/Info.plist;
				LD_RUNPATH_SEARCH_PATHS = "$(inherited) @executable_path/Frameworks @loader_path/Frameworks";
				PRODUCT_BUNDLE_IDENTIFIER = jp.techacademu.ryou.tamura.getMusicTests;
				PRODUCT_NAME = "$(TARGET_NAME)";
				SWIFT_VERSION = 3.0;
				TEST_HOST = "$(BUILT_PRODUCTS_DIR)/getMusic.app/getMusic";
			};
			name = Release;
		};
		2AF194061EC1990500A302EA /* Debug */ = {
			isa = XCBuildConfiguration;
			buildSettings = {
				ALWAYS_EMBED_SWIFT_STANDARD_LIBRARIES = YES;
				DEVELOPMENT_TEAM = GR6B8V7TH6;
				INFOPLIST_FILE = getMusicUITests/Info.plist;
				LD_RUNPATH_SEARCH_PATHS = "$(inherited) @executable_path/Frameworks @loader_path/Frameworks";
				PRODUCT_BUNDLE_IDENTIFIER = jp.techacademu.ryou.tamura.getMusicUITests;
				PRODUCT_NAME = "$(TARGET_NAME)";
				SWIFT_VERSION = 3.0;
				TEST_TARGET_NAME = getMusic;
			};
			name = Debug;
		};
		2AF194071EC1990500A302EA /* Release */ = {
			isa = XCBuildConfiguration;
			buildSettings = {
				ALWAYS_EMBED_SWIFT_STANDARD_LIBRARIES = YES;
				DEVELOPMENT_TEAM = GR6B8V7TH6;
				INFOPLIST_FILE = getMusicUITests/Info.plist;
				LD_RUNPATH_SEARCH_PATHS = "$(inherited) @executable_path/Frameworks @loader_path/Frameworks";
				PRODUCT_BUNDLE_IDENTIFIER = jp.techacademu.ryou.tamura.getMusicUITests;
				PRODUCT_NAME = "$(TARGET_NAME)";
				SWIFT_VERSION = 3.0;
				TEST_TARGET_NAME = getMusic;
			};
			name = Release;
		};
/* End XCBuildConfiguration section */

/* Begin XCConfigurationList section */
		2AF193D21EC1990500A302EA /* Build configuration list for PBXProject "getMusic" */ = {
			isa = XCConfigurationList;
			buildConfigurations = (
				2AF193FD1EC1990500A302EA /* Debug */,
				2AF193FE1EC1990500A302EA /* Release */,
			);
			defaultConfigurationIsVisible = 0;
			defaultConfigurationName = Release;
		};
		2AF193FF1EC1990500A302EA /* Build configuration list for PBXNativeTarget "getMusic" */ = {
			isa = XCConfigurationList;
			buildConfigurations = (
				2AF194001EC1990500A302EA /* Debug */,
				2AF194011EC1990500A302EA /* Release */,
			);
			defaultConfigurationIsVisible = 0;
			defaultConfigurationName = Release;
		};
		2AF194021EC1990500A302EA /* Build configuration list for PBXNativeTarget "getMusicTests" */ = {
			isa = XCConfigurationList;
			buildConfigurations = (
				2AF194031EC1990500A302EA /* Debug */,
				2AF194041EC1990500A302EA /* Release */,
			);
			defaultConfigurationIsVisible = 0;
			defaultConfigurationName = Release;
		};
		2AF194051EC1990500A302EA /* Build configuration list for PBXNativeTarget "getMusicUITests" */ = {
			isa = XCConfigurationList;
			buildConfigurations = (
				2AF194061EC1990500A302EA /* Debug */,
				2AF194071EC1990500A302EA /* Release */,
			);
			defaultConfigurationIsVisible = 0;
			defaultConfigurationName = Release;
		};
/* End XCConfigurationList section */
	};
	rootObject = 2AF193CF1EC1990500A302EA /* Project object */;
}
